
Microsoft Visual Studio Solution File, Format Version 12.00
# Visual Studio Version 17
VisualStudioVersion = 17.7.34221.43
MinimumVisualStudioVersion = 10.0.40219.1
Project("{FAE04EC0-301F-11D3-BF4B-00C04F79EFBC}") = "Notes", "Notes\Notes.csproj", "{16C0D1C1-185B-41BA-95DA-5B8933A9E3C2}"
EndProject
Global
	GlobalSection(SolutionConfigurationPlatforms) = preSolution
		Debug|Any CPU = Debug|Any CPU
		Release|Any CPU = Release|Any CPU
	EndGlobalSection
	GlobalSection(ProjectConfigurationPlatforms) = postSolution
		{16C0D1C1-185B-41BA-95DA-5B8933A9E3C2}.Debug|Any CPU.ActiveCfg = Debug|Any CPU
		{16C0D1C1-185B-41BA-95DA-5B8933A9E3C2}.Debug|Any CPU.Build.0 = Debug|Any CPU
		{16C0D1C1-185B-41BA-95DA-5B8933A9E3C2}.Debug|Any CPU.Deploy.0 = Debug|Any CPU
		{16C0D1C1-185B-41BA-95DA-5B8933A9E3C2}.Release|Any CPU.ActiveCfg = Release|Any CPU
		{16C0D1C1-185B-41BA-95DA-5B8933A9E3C2}.Release|Any CPU.Build.0 = Release|Any CPU
		{16C0D1C1-185B-41BA-95DA-5B8933A9E3C2}.Release|Any CPU.Deploy.0 = Release|Any CPU
	EndGlobalSection
	GlobalSection(SolutionProperties) = preSolution
		HideSolutionNode = FALSE
	EndGlobalSection
	GlobalSection(ExtensibilityGlobals) = postSolution
		SolutionGuid = {2F731E74-DC6C-4301-83C2-52098B48CE16}
	EndGlobalSection
EndGlobal
